// !$*UTF8*$!
{
	archiveVersion = 1;
	classes = {
	};
	objectVersion = 50;
	objects = {

/* Begin PBXBuildFile section */
		44A13E8E261533E1009E073D /* RecipeDetailView.swift in Sources */ = {isa = PBXBuildFile; fileRef = 44A13E8D261533E1009E073D /* RecipeDetailView.swift */; };
		44A13E8F261533E1009E073D /* RecipeDetailView.swift in Sources */ = {isa = PBXBuildFile; fileRef = 44A13E8D261533E1009E073D /* RecipeDetailView.swift */; };
		AC7EA9D6261566E300D201FF /* RecipeTabView.swift in Sources */ = {isa = PBXBuildFile; fileRef = AC7EA9D5261566E300D201FF /* RecipeTabView.swift */; };
		AC7EA9D7261566E300D201FF /* RecipeTabView.swift in Sources */ = {isa = PBXBuildFile; fileRef = AC7EA9D5261566E300D201FF /* RecipeTabView.swift */; };
		AC7EA9F726156DC300D201FF /* recipes.json in Resources */ = {isa = PBXBuildFile; fileRef = AC7EA9F626156DC300D201FF /* recipes.json */; };
		AC7EA9F826156DC300D201FF /* recipes.json in Resources */ = {isa = PBXBuildFile; fileRef = AC7EA9F626156DC300D201FF /* recipes.json */; };
		AC7EA9FE26156E4100D201FF /* Ingredient.swift in Sources */ = {isa = PBXBuildFile; fileRef = AC7EA9FD26156E4100D201FF /* Ingredient.swift */; };
		AC7EA9FF26156E4100D201FF /* Ingredient.swift in Sources */ = {isa = PBXBuildFile; fileRef = AC7EA9FD26156E4100D201FF /* Ingredient.swift */; };
		ACFB646D2614DF64003EA452 /* Recipe_List_App.swift in Sources */ = {isa = PBXBuildFile; fileRef = ACFB645A2614DF63003EA452 /* Recipe_List_App.swift */; };
		ACFB646E2614DF64003EA452 /* Recipe_List_App.swift in Sources */ = {isa = PBXBuildFile; fileRef = ACFB645A2614DF63003EA452 /* Recipe_List_App.swift */; };
		ACFB646F2614DF64003EA452 /* RecipeListView.swift in Sources */ = {isa = PBXBuildFile; fileRef = ACFB645B2614DF63003EA452 /* RecipeListView.swift */; };
		ACFB64702614DF64003EA452 /* RecipeListView.swift in Sources */ = {isa = PBXBuildFile; fileRef = ACFB645B2614DF63003EA452 /* RecipeListView.swift */; };
		ACFB64712614DF64003EA452 /* Assets.xcassets in Resources */ = {isa = PBXBuildFile; fileRef = ACFB645C2614DF64003EA452 /* Assets.xcassets */; };
		ACFB64722614DF64003EA452 /* Assets.xcassets in Resources */ = {isa = PBXBuildFile; fileRef = ACFB645C2614DF64003EA452 /* Assets.xcassets */; };
		ACFB648A2614E852003EA452 /* Recipe.swift in Sources */ = {isa = PBXBuildFile; fileRef = ACFB64892614E852003EA452 /* Recipe.swift */; };
		ACFB648B2614E852003EA452 /* Recipe.swift in Sources */ = {isa = PBXBuildFile; fileRef = ACFB64892614E852003EA452 /* Recipe.swift */; };
		ACFB648F2614E9A8003EA452 /* RecipeViewModel.swift in Sources */ = {isa = PBXBuildFile; fileRef = ACFB648E2614E9A8003EA452 /* RecipeViewModel.swift */; };
		ACFB64902614E9A8003EA452 /* RecipeViewModel.swift in Sources */ = {isa = PBXBuildFile; fileRef = ACFB648E2614E9A8003EA452 /* RecipeViewModel.swift */; };
		ACFB64962614EC1A003EA452 /* DataService.swift in Sources */ = {isa = PBXBuildFile; fileRef = ACFB64952614EC1A003EA452 /* DataService.swift */; };
		ACFB64972614EC1A003EA452 /* DataService.swift in Sources */ = {isa = PBXBuildFile; fileRef = ACFB64952614EC1A003EA452 /* DataService.swift */; };
/* End PBXBuildFile section */

/* Begin PBXFileReference section */
		44A13E8D261533E1009E073D /* RecipeDetailView.swift */ = {isa = PBXFileReference; lastKnownFileType = sourcecode.swift; path = RecipeDetailView.swift; sourceTree = "<group>"; };
		AC7EA9D5261566E300D201FF /* RecipeTabView.swift */ = {isa = PBXFileReference; lastKnownFileType = sourcecode.swift; path = RecipeTabView.swift; sourceTree = "<group>"; };
		AC7EA9F626156DC300D201FF /* recipes.json */ = {isa = PBXFileReference; fileEncoding = 4; lastKnownFileType = text.json; name = recipes.json; path = "../../../../Documents/CWC+ Materials/iOS Foundations 2021/Module 4/Lesson 05/recipes.json"; sourceTree = "<group>"; };
		AC7EA9FD26156E4100D201FF /* Ingredient.swift */ = {isa = PBXFileReference; lastKnownFileType = sourcecode.swift; path = Ingredient.swift; sourceTree = "<group>"; };
		ACFB645A2614DF63003EA452 /* Recipe_List_App.swift */ = {isa = PBXFileReference; lastKnownFileType = sourcecode.swift; path = Recipe_List_App.swift; sourceTree = "<group>"; };
		ACFB645B2614DF63003EA452 /* RecipeListView.swift */ = {isa = PBXFileReference; lastKnownFileType = sourcecode.swift; path = RecipeListView.swift; sourceTree = "<group>"; };
		ACFB645C2614DF64003EA452 /* Assets.xcassets */ = {isa = PBXFileReference; lastKnownFileType = folder.assetcatalog; path = Assets.xcassets; sourceTree = "<group>"; };
		ACFB64612614DF64003EA452 /* Recipe List App.app */ = {isa = PBXFileReference; explicitFileType = wrapper.application; includeInIndex = 0; path = "Recipe List App.app"; sourceTree = BUILT_PRODUCTS_DIR; };
		ACFB64642614DF64003EA452 /* Info.plist */ = {isa = PBXFileReference; lastKnownFileType = text.plist.xml; path = Info.plist; sourceTree = "<group>"; };
		ACFB64692614DF64003EA452 /* Recipe List App.app */ = {isa = PBXFileReference; explicitFileType = wrapper.application; includeInIndex = 0; path = "Recipe List App.app"; sourceTree = BUILT_PRODUCTS_DIR; };
		ACFB646B2614DF64003EA452 /* Info.plist */ = {isa = PBXFileReference; lastKnownFileType = text.plist.xml; path = Info.plist; sourceTree = "<group>"; };
		ACFB646C2614DF64003EA452 /* macOS.entitlements */ = {isa = PBXFileReference; lastKnownFileType = text.plist.entitlements; path = macOS.entitlements; sourceTree = "<group>"; };
		ACFB64892614E852003EA452 /* Recipe.swift */ = {isa = PBXFileReference; lastKnownFileType = sourcecode.swift; path = Recipe.swift; sourceTree = "<group>"; };
		ACFB648E2614E9A8003EA452 /* RecipeViewModel.swift */ = {isa = PBXFileReference; lastKnownFileType = sourcecode.swift; path = RecipeViewModel.swift; sourceTree = "<group>"; };
		ACFB64952614EC1A003EA452 /* DataService.swift */ = {isa = PBXFileReference; lastKnownFileType = sourcecode.swift; path = DataService.swift; sourceTree = "<group>"; };
/* End PBXFileReference section */

/* Begin PBXFrameworksBuildPhase section */
		ACFB645E2614DF64003EA452 /* Frameworks */ = {
			isa = PBXFrameworksBuildPhase;
			buildActionMask = 2147483647;
			files = (
			);
			runOnlyForDeploymentPostprocessing = 0;
		};
		ACFB64662614DF64003EA452 /* Frameworks */ = {
			isa = PBXFrameworksBuildPhase;
			buildActionMask = 2147483647;
			files = (
			);
			runOnlyForDeploymentPostprocessing = 0;
		};
/* End PBXFrameworksBuildPhase section */

/* Begin PBXGroup section */
		ACFB64542614DF63003EA452 = {
			isa = PBXGroup;
			children = (
				ACFB64592614DF63003EA452 /* Shared */,
				ACFB64632614DF64003EA452 /* iOS */,
				ACFB646A2614DF64003EA452 /* macOS */,
				ACFB64622614DF64003EA452 /* Products */,
			);
			sourceTree = "<group>";
		};
		ACFB64592614DF63003EA452 /* Shared */ = {
			isa = PBXGroup;
			children = (
				ACFB645A2614DF63003EA452 /* Recipe_List_App.swift */,
				ACFB64832614E1F4003EA452 /* Data */,
				ACFB64822614E1ED003EA452 /* Services */,
				ACFB64812614E1E7003EA452 /* Models */,
				ACFB647F2614E1D5003EA452 /* Views */,
				ACFB64802614E1DB003EA452 /* ViewModels */,
				ACFB645C2614DF64003EA452 /* Assets.xcassets */,
			);
			path = Shared;
			sourceTree = "<group>";
		};
		ACFB64622614DF64003EA452 /* Products */ = {
			isa = PBXGroup;
			children = (
				ACFB64612614DF64003EA452 /* Recipe List App.app */,
				ACFB64692614DF64003EA452 /* Recipe List App.app */,
			);
			name = Products;
			sourceTree = "<group>";
		};
		ACFB64632614DF64003EA452 /* iOS */ = {
			isa = PBXGroup;
			children = (
				ACFB64642614DF64003EA452 /* Info.plist */,
			);
			path = iOS;
			sourceTree = "<group>";
		};
		ACFB646A2614DF64003EA452 /* macOS */ = {
			isa = PBXGroup;
			children = (
				ACFB646B2614DF64003EA452 /* Info.plist */,
				ACFB646C2614DF64003EA452 /* macOS.entitlements */,
			);
			path = macOS;
			sourceTree = "<group>";
		};
		ACFB647F2614E1D5003EA452 /* Views */ = {
			isa = PBXGroup;
			children = (
				ACFB645B2614DF63003EA452 /* RecipeListView.swift */,
				44A13E8D261533E1009E073D /* RecipeDetailView.swift */,
				AC7EA9D5261566E300D201FF /* RecipeTabView.swift */,
			);
			path = Views;
			sourceTree = "<group>";
		};
		ACFB64802614E1DB003EA452 /* ViewModels */ = {
			isa = PBXGroup;
			children = (
				ACFB648E2614E9A8003EA452 /* RecipeViewModel.swift */,
			);
			path = ViewModels;
			sourceTree = "<group>";
		};
		ACFB64812614E1E7003EA452 /* Models */ = {
			isa = PBXGroup;
			children = (
				ACFB64892614E852003EA452 /* Recipe.swift */,
				AC7EA9FD26156E4100D201FF /* Ingredient.swift */,
			);
			path = Models;
			sourceTree = "<group>";
		};
		ACFB64822614E1ED003EA452 /* Services */ = {
			isa = PBXGroup;
			children = (
				ACFB64952614EC1A003EA452 /* DataService.swift */,
			);
			path = Services;
			sourceTree = "<group>";
		};
		ACFB64832614E1F4003EA452 /* Data */ = {
			isa = PBXGroup;
			children = (
				AC7EA9F626156DC300D201FF /* recipes.json */,
			);
			path = Data;
			sourceTree = "<group>";
		};
/* End PBXGroup section */

/* Begin PBXNativeTarget section */
		ACFB64602614DF64003EA452 /* Recipe List App (iOS) */ = {
			isa = PBXNativeTarget;
			buildConfigurationList = ACFB64752614DF64003EA452 /* Build configuration list for PBXNativeTarget "Recipe List App (iOS)" */;
			buildPhases = (
				ACFB645D2614DF64003EA452 /* Sources */,
				ACFB645E2614DF64003EA452 /* Frameworks */,
				ACFB645F2614DF64003EA452 /* Resources */,
			);
			buildRules = (
			);
			dependencies = (
			);
			name = "Recipe List App (iOS)";
			productName = "Recipe List App (iOS)";
			productReference = ACFB64612614DF64003EA452 /* Recipe List App.app */;
			productType = "com.apple.product-type.application";
		};
		ACFB64682614DF64003EA452 /* Recipe List App (macOS) */ = {
			isa = PBXNativeTarget;
			buildConfigurationList = ACFB64782614DF64003EA452 /* Build configuration list for PBXNativeTarget "Recipe List App (macOS)" */;
			buildPhases = (
				ACFB64652614DF64003EA452 /* Sources */,
				ACFB64662614DF64003EA452 /* Frameworks */,
				ACFB64672614DF64003EA452 /* Resources */,
			);
			buildRules = (
			);
			dependencies = (
			);
			name = "Recipe List App (macOS)";
			productName = "Recipe List App (macOS)";
			productReference = ACFB64692614DF64003EA452 /* Recipe List App.app */;
			productType = "com.apple.product-type.application";
		};
/* End PBXNativeTarget section */

/* Begin PBXProject section */
		ACFB64552614DF63003EA452 /* Project object */ = {
			isa = PBXProject;
			attributes = {
				LastSwiftUpdateCheck = 1240;
				LastUpgradeCheck = 1240;
				TargetAttributes = {
					ACFB64602614DF64003EA452 = {
						CreatedOnToolsVersion = 12.4;
					};
					ACFB64682614DF64003EA452 = {
						CreatedOnToolsVersion = 12.4;
					};
				};
			};
			buildConfigurationList = ACFB64582614DF63003EA452 /* Build configuration list for PBXProject "Recipe List App" */;
			compatibilityVersion = "Xcode 9.3";
			developmentRegion = en;
			hasScannedForEncodings = 0;
			knownRegions = (
				en,
				Base,
			);
			mainGroup = ACFB64542614DF63003EA452;
			productRefGroup = ACFB64622614DF64003EA452 /* Products */;
			projectDirPath = "";
			projectRoot = "";
			targets = (
				ACFB64602614DF64003EA452 /* Recipe List App (iOS) */,
				ACFB64682614DF64003EA452 /* Recipe List App (macOS) */,
			);
		};
/* End PBXProject section */

/* Begin PBXResourcesBuildPhase section */
		ACFB645F2614DF64003EA452 /* Resources */ = {
			isa = PBXResourcesBuildPhase;
			buildActionMask = 2147483647;
			files = (
				ACFB64712614DF64003EA452 /* Assets.xcassets in Resources */,
				AC7EA9F726156DC300D201FF /* recipes.json in Resources */,
			);
			runOnlyForDeploymentPostprocessing = 0;
		};
		ACFB64672614DF64003EA452 /* Resources */ = {
			isa = PBXResourcesBuildPhase;
			buildActionMask = 2147483647;
			files = (
				ACFB64722614DF64003EA452 /* Assets.xcassets in Resources */,
				AC7EA9F826156DC300D201FF /* recipes.json in Resources */,
			);
			runOnlyForDeploymentPostprocessing = 0;
		};
/* End PBXResourcesBuildPhase section */

/* Begin PBXSourcesBuildPhase section */
		ACFB645D2614DF64003EA452 /* Sources */ = {
			isa = PBXSourcesBuildPhase;
			buildActionMask = 2147483647;
			files = (
				ACFB648F2614E9A8003EA452 /* RecipeViewModel.swift in Sources */,
				44A13E8E261533E1009E073D /* RecipeDetailView.swift in Sources */,
				ACFB648A2614E852003EA452 /* Recipe.swift in Sources */,
				ACFB646F2614DF64003EA452 /* RecipeListView.swift in Sources */,
				AC7EA9FE26156E4100D201FF /* Ingredient.swift in Sources */,
				ACFB646D2614DF64003EA452 /* Recipe_List_App.swift in Sources */,
				ACFB64962614EC1A003EA452 /* DataService.swift in Sources */,
				AC7EA9D6261566E300D201FF /* RecipeTabView.swift in Sources */,
			);
			runOnlyForDeploymentPostprocessing = 0;
		};
		ACFB64652614DF64003EA452 /* Sources */ = {
			isa = PBXSourcesBuildPhase;
			buildActionMask = 2147483647;
			files = (
				ACFB64902614E9A8003EA452 /* RecipeViewModel.swift in Sources */,
				44A13E8F261533E1009E073D /* RecipeDetailView.swift in Sources */,
				ACFB648B2614E852003EA452 /* Recipe.swift in Sources */,
				ACFB64702614DF64003EA452 /* RecipeListView.swift in Sources */,
				AC7EA9FF26156E4100D201FF /* Ingredient.swift in Sources */,
				ACFB646E2614DF64003EA452 /* Recipe_List_App.swift in Sources */,
				ACFB64972614EC1A003EA452 /* DataService.swift in Sources */,
				AC7EA9D7261566E300D201FF /* RecipeTabView.swift in Sources */,
			);
			runOnlyForDeploymentPostprocessing = 0;
		};
/* End PBXSourcesBuildPhase section */

/* Begin XCBuildConfiguration section */
		ACFB64732614DF64003EA452 /* Debug */ = {
			isa = XCBuildConfiguration;
			buildSettings = {
				ALWAYS_SEARCH_USER_PATHS = NO;
				CLANG_ANALYZER_NONNULL = YES;
				CLANG_ANALYZER_NUMBER_OBJECT_CONVERSION = YES_AGGRESSIVE;
				CLANG_CXX_LANGUAGE_STANDARD = "gnu++14";
				CLANG_CXX_LIBRARY = "libc++";
				CLANG_ENABLE_MODULES = YES;
				CLANG_ENABLE_OBJC_ARC = YES;
				CLANG_ENABLE_OBJC_WEAK = YES;
				CLANG_WARN_BLOCK_CAPTURE_AUTORELEASING = YES;
				CLANG_WARN_BOOL_CONVERSION = YES;
				CLANG_WARN_COMMA = YES;
				CLANG_WARN_CONSTANT_CONVERSION = YES;
				CLANG_WARN_DEPRECATED_OBJC_IMPLEMENTATIONS = YES;
				CLANG_WARN_DIRECT_OBJC_ISA_USAGE = YES_ERROR;
				CLANG_WARN_DOCUMENTATION_COMMENTS = YES;
				CLANG_WARN_EMPTY_BODY = YES;
				CLANG_WARN_ENUM_CONVERSION = YES;
				CLANG_WARN_INFINITE_RECURSION = YES;
				CLANG_WARN_INT_CONVERSION = YES;
				CLANG_WARN_NON_LITERAL_NULL_CONVERSION = YES;
				CLANG_WARN_OBJC_IMPLICIT_RETAIN_SELF = YES;
				CLANG_WARN_OBJC_LITERAL_CONVERSION = YES;
				CLANG_WARN_OBJC_ROOT_CLASS = YES_ERROR;
				CLANG_WARN_QUOTED_INCLUDE_IN_FRAMEWORK_HEADER = YES;
				CLANG_WARN_RANGE_LOOP_ANALYSIS = YES;
				CLANG_WARN_STRICT_PROTOTYPES = YES;
				CLANG_WARN_SUSPICIOUS_MOVE = YES;
				CLANG_WARN_UNGUARDED_AVAILABILITY = YES_AGGRESSIVE;
				CLANG_WARN_UNREACHABLE_CODE = YES;
				CLANG_WARN__DUPLICATE_METHOD_MATCH = YES;
				COPY_PHASE_STRIP = NO;
				DEBUG_INFORMATION_FORMAT = dwarf;
				ENABLE_STRICT_OBJC_MSGSEND = YES;
				ENABLE_TESTABILITY = YES;
				GCC_C_LANGUAGE_STANDARD = gnu11;
				GCC_DYNAMIC_NO_PIC = NO;
				GCC_NO_COMMON_BLOCKS = YES;
				GCC_OPTIMIZATION_LEVEL = 0;
				GCC_PREPROCESSOR_DEFINITIONS = (
					"DEBUG=1",
					"$(inherited)",
				);
				GCC_WARN_64_TO_32_BIT_CONVERSION = YES;
				GCC_WARN_ABOUT_RETURN_TYPE = YES_ERROR;
				GCC_WARN_UNDECLARED_SELECTOR = YES;
				GCC_WARN_UNINITIALIZED_AUTOS = YES_AGGRESSIVE;
				GCC_WARN_UNUSED_FUNCTION = YES;
				GCC_WARN_UNUSED_VARIABLE = YES;
				MTL_ENABLE_DEBUG_INFO = INCLUDE_SOURCE;
				MTL_FAST_MATH = YES;
				ONLY_ACTIVE_ARCH = YES;
				SWIFT_ACTIVE_COMPILATION_CONDITIONS = DEBUG;
				SWIFT_OPTIMIZATION_LEVEL = "-Onone";
			};
			name = Debug;
		};
		ACFB64742614DF64003EA452 /* Release */ = {
			isa = XCBuildConfiguration;
			buildSettings = {
				ALWAYS_SEARCH_USER_PATHS = NO;
				CLANG_ANALYZER_NONNULL = YES;
				CLANG_ANALYZER_NUMBER_OBJECT_CONVERSION = YES_AGGRESSIVE;
				CLANG_CXX_LANGUAGE_STANDARD = "gnu++14";
				CLANG_CXX_LIBRARY = "libc++";
				CLANG_ENABLE_MODULES = YES;
				CLANG_ENABLE_OBJC_ARC = YES;
				CLANG_ENABLE_OBJC_WEAK = YES;
				CLANG_WARN_BLOCK_CAPTURE_AUTORELEASING = YES;
				CLANG_WARN_BOOL_CONVERSION = YES;
				CLANG_WARN_COMMA = YES;
				CLANG_WARN_CONSTANT_CONVERSION = YES;
				CLANG_WARN_DEPRECATED_OBJC_IMPLEMENTATIONS = YES;
				CLANG_WARN_DIRECT_OBJC_ISA_USAGE = YES_ERROR;
				CLANG_WARN_DOCUMENTATION_COMMENTS = YES;
				CLANG_WARN_EMPTY_BODY = YES;
				CLANG_WARN_ENUM_CONVERSION = YES;
				CLANG_WARN_INFINITE_RECURSION = YES;
				CLANG_WARN_INT_CONVERSION = YES;
				CLANG_WARN_NON_LITERAL_NULL_CONVERSION = YES;
				CLANG_WARN_OBJC_IMPLICIT_RETAIN_SELF = YES;
				CLANG_WARN_OBJC_LITERAL_CONVERSION = YES;
				CLANG_WARN_OBJC_ROOT_CLASS = YES_ERROR;
				CLANG_WARN_QUOTED_INCLUDE_IN_FRAMEWORK_HEADER = YES;
				CLANG_WARN_RANGE_LOOP_ANALYSIS = YES;
				CLANG_WARN_STRICT_PROTOTYPES = YES;
				CLANG_WARN_SUSPICIOUS_MOVE = YES;
				CLANG_WARN_UNGUARDED_AVAILABILITY = YES_AGGRESSIVE;
				CLANG_WARN_UNREACHABLE_CODE = YES;
				CLANG_WARN__DUPLICATE_METHOD_MATCH = YES;
				COPY_PHASE_STRIP = NO;
				DEBUG_INFORMATION_FORMAT = "dwarf-with-dsym";
				ENABLE_NS_ASSERTIONS = NO;
				ENABLE_STRICT_OBJC_MSGSEND = YES;
				GCC_C_LANGUAGE_STANDARD = gnu11;
				GCC_NO_COMMON_BLOCKS = YES;
				GCC_WARN_64_TO_32_BIT_CONVERSION = YES;
				GCC_WARN_ABOUT_RETURN_TYPE = YES_ERROR;
				GCC_WARN_UNDECLARED_SELECTOR = YES;
				GCC_WARN_UNINITIALIZED_AUTOS = YES_AGGRESSIVE;
				GCC_WARN_UNUSED_FUNCTION = YES;
				GCC_WARN_UNUSED_VARIABLE = YES;
				MTL_ENABLE_DEBUG_INFO = NO;
				MTL_FAST_MATH = YES;
				SWIFT_COMPILATION_MODE = wholemodule;
				SWIFT_OPTIMIZATION_LEVEL = "-O";
			};
			name = Release;
		};
		ACFB64762614DF64003EA452 /* Debug */ = {
			isa = XCBuildConfiguration;
			buildSettings = {
				ASSETCATALOG_COMPILER_APPICON_NAME = AppIcon;
				ASSETCATALOG_COMPILER_GLOBAL_ACCENT_COLOR_NAME = AccentColor;
				CODE_SIGN_STYLE = Automatic;
				DEVELOPMENT_TEAM = G6J4RFMLHY;
				ENABLE_PREVIEWS = YES;
				INFOPLIST_FILE = iOS/Info.plist;
				IPHONEOS_DEPLOYMENT_TARGET = 14.0;
				LD_RUNPATH_SEARCH_PATHS = (
					"$(inherited)",
					"@executable_path/Frameworks",
				);
				PRODUCT_BUNDLE_IDENTIFIER = "com.frederickjavalera.Recipe-List-App";
				PRODUCT_NAME = "Recipe List App";
				SDKROOT = iphoneos;
				SWIFT_VERSION = 5.0;
				TARGETED_DEVICE_FAMILY = "1,2";
			};
			name = Debug;
		};
		ACFB64772614DF64003EA452 /* Release */ = {
			isa = XCBuildConfiguration;
			buildSettings = {
				ASSETCATALOG_COMPILER_APPICON_NAME = AppIcon;
				ASSETCATALOG_COMPILER_GLOBAL_ACCENT_COLOR_NAME = AccentColor;
				CODE_SIGN_STYLE = Automatic;
				DEVELOPMENT_TEAM = G6J4RFMLHY;
				ENABLE_PREVIEWS = YES;
				INFOPLIST_FILE = iOS/Info.plist;
				IPHONEOS_DEPLOYMENT_TARGET = 14.0;
				LD_RUNPATH_SEARCH_PATHS = (
					"$(inherited)",
					"@executable_path/Frameworks",
				);
				PRODUCT_BUNDLE_IDENTIFIER = "com.frederickjavalera.Recipe-List-App";
				PRODUCT_NAME = "Recipe List App";
				SDKROOT = iphoneos;
				SWIFT_VERSION = 5.0;
				TARGETED_DEVICE_FAMILY = "1,2";
				VALIDATE_PRODUCT = YES;
			};
			name = Release;
		};
		ACFB64792614DF64003EA452 /* Debug */ = {
			isa = XCBuildConfiguration;
			buildSettings = {
				ASSETCATALOG_COMPILER_APPICON_NAME = AppIcon;
				ASSETCATALOG_COMPILER_GLOBAL_ACCENT_COLOR_NAME = AccentColor;
				CODE_SIGN_ENTITLEMENTS = macOS/macOS.entitlements;
				CODE_SIGN_STYLE = Automatic;
				COMBINE_HIDPI_IMAGES = YES;
				DEVELOPMENT_TEAM = G6J4RFMLHY;
				ENABLE_HARDENED_RUNTIME = YES;
				ENABLE_PREVIEWS = YES;
				INFOPLIST_FILE = macOS/Info.plist;
				LD_RUNPATH_SEARCH_PATHS = (
					"$(inherited)",
					"@executable_path/../Frameworks",
				);
				MACOSX_DEPLOYMENT_TARGET = 11.0;
				PRODUCT_BUNDLE_IDENTIFIER = "com.frederickjavalera.Recipe-List-App";
				PRODUCT_NAME = "Recipe List App";
				SDKROOT = macosx;
				SWIFT_VERSION = 5.0;
			};
			name = Debug;
		};
		ACFB647A2614DF64003EA452 /* Release */ = {
			isa = XCBuildConfiguration;
			buildSettings = {
				ASSETCATALOG_COMPILER_APPICON_NAME = AppIcon;
				ASSETCATALOG_COMPILER_GLOBAL_ACCENT_COLOR_NAME = AccentColor;
				CODE_SIGN_ENTITLEMENTS = macOS/macOS.entitlements;
				CODE_SIGN_STYLE = Automatic;
				COMBINE_HIDPI_IMAGES = YES;
				DEVELOPMENT_TEAM = G6J4RFMLHY;
				ENABLE_HARDENED_RUNTIME = YES;
				ENABLE_PREVIEWS = YES;
				INFOPLIST_FILE = macOS/Info.plist;
				LD_RUNPATH_SEARCH_PATHS = (
					"$(inherited)",
					"@executable_path/../Frameworks",
				);
				MACOSX_DEPLOYMENT_TARGET = 11.0;
				PRODUCT_BUNDLE_IDENTIFIER = "com.frederickjavalera.Recipe-List-App";
				PRODUCT_NAME = "Recipe List App";
				SDKROOT = macosx;
				SWIFT_VERSION = 5.0;
			};
			name = Release;
		};
/* End XCBuildConfiguration section */

/* Begin XCConfigurationList section */
		ACFB64582614DF63003EA452 /* Build configuration list for PBXProject "Recipe List App" */ = {
			isa = XCConfigurationList;
			buildConfigurations = (
				ACFB64732614DF64003EA452 /* Debug */,
				ACFB64742614DF64003EA452 /* Release */,
			);
			defaultConfigurationIsVisible = 0;
			defaultConfigurationName = Release;
		};
		ACFB64752614DF64003EA452 /* Build configuration list for PBXNativeTarget "Recipe List App (iOS)" */ = {
			isa = XCConfigurationList;
			buildConfigurations = (
				ACFB64762614DF64003EA452 /* Debug */,
				ACFB64772614DF64003EA452 /* Release */,
			);
			defaultConfigurationIsVisible = 0;
			defaultConfigurationName = Release;
		};
		ACFB64782614DF64003EA452 /* Build configuration list for PBXNativeTarget "Recipe List App (macOS)" */ = {
			isa = XCConfigurationList;
			buildConfigurations = (
				ACFB64792614DF64003EA452 /* Debug */,
				ACFB647A2614DF64003EA452 /* Release */,
			);
			defaultConfigurationIsVisible = 0;
			defaultConfigurationName = Release;
		};
/* End XCConfigurationList section */
	};
	rootObject = ACFB64552614DF63003EA452 /* Project object */;
}
